// !$*UTF8*$!
{
	archiveVersion = 1;
	classes = {
	};
	objectVersion = 56;
	objects = {

/* Begin PBXBuildFile section */
		417DDEA42C84F198009F8365 /* BunnyAppApp.swift in Sources */ = {isa = PBXBuildFile; fileRef = 417DDEA32C84F198009F8365 /* BunnyAppApp.swift */; };
		417DDEA62C84F198009F8365 /* ContentView.swift in Sources */ = {isa = PBXBuildFile; fileRef = 417DDEA52C84F198009F8365 /* ContentView.swift */; };
		417DDEA82C84F199009F8365 /* Assets.xcassets in Resources */ = {isa = PBXBuildFile; fileRef = 417DDEA72C84F199009F8365 /* Assets.xcassets */; };
		417DDEAB2C84F199009F8365 /* Preview Assets.xcassets in Resources */ = {isa = PBXBuildFile; fileRef = 417DDEAA2C84F199009F8365 /* Preview Assets.xcassets */; };
		417DDEB52C84F19A009F8365 /* BunnyAppTests.swift in Sources */ = {isa = PBXBuildFile; fileRef = 417DDEB42C84F19A009F8365 /* BunnyAppTests.swift */; };
		417DDEBF2C84F19A009F8365 /* BunnyAppUITests.swift in Sources */ = {isa = PBXBuildFile; fileRef = 417DDEBE2C84F19A009F8365 /* BunnyAppUITests.swift */; };
		417DDEC12C84F19A009F8365 /* BunnyAppUITestsLaunchTests.swift in Sources */ = {isa = PBXBuildFile; fileRef = 417DDEC02C84F19A009F8365 /* BunnyAppUITestsLaunchTests.swift */; };
/* End PBXBuildFile section */

/* Begin PBXContainerItemProxy section */
		417DDEB12C84F19A009F8365 /* PBXContainerItemProxy */ = {
			isa = PBXContainerItemProxy;
			containerPortal = 417DDE982C84F198009F8365 /* Project object */;
			proxyType = 1;
			remoteGlobalIDString = 417DDE9F2C84F198009F8365;
			remoteInfo = BunnyApp;
		};
		417DDEBB2C84F19A009F8365 /* PBXContainerItemProxy */ = {
			isa = PBXContainerItemProxy;
			containerPortal = 417DDE982C84F198009F8365 /* Project object */;
			proxyType = 1;
			remoteGlobalIDString = 417DDE9F2C84F198009F8365;
			remoteInfo = BunnyApp;
		};
/* End PBXContainerItemProxy section */

/* Begin PBXFileReference section */
		417DDEA02C84F198009F8365 /* BunnyApp.app */ = {isa = PBXFileReference; explicitFileType = wrapper.application; includeInIndex = 0; path = BunnyApp.app; sourceTree = BUILT_PRODUCTS_DIR; };
		417DDEA32C84F198009F8365 /* BunnyAppApp.swift */ = {isa = PBXFileReference; lastKnownFileType = sourcecode.swift; path = BunnyAppApp.swift; sourceTree = "<group>"; };
		417DDEA52C84F198009F8365 /* ContentView.swift */ = {isa = PBXFileReference; lastKnownFileType = sourcecode.swift; path = ContentView.swift; sourceTree = "<group>"; };
		417DDEA72C84F199009F8365 /* Assets.xcassets */ = {isa = PBXFileReference; lastKnownFileType = folder.assetcatalog; path = Assets.xcassets; sourceTree = "<group>"; };
		417DDEAA2C84F199009F8365 /* Preview Assets.xcassets */ = {isa = PBXFileReference; lastKnownFileType = folder.assetcatalog; path = "Preview Assets.xcassets"; sourceTree = "<group>"; };
		417DDEB02C84F19A009F8365 /* BunnyAppTests.xctest */ = {isa = PBXFileReference; explicitFileType = wrapper.cfbundle; includeInIndex = 0; path = BunnyAppTests.xctest; sourceTree = BUILT_PRODUCTS_DIR; };
		417DDEB42C84F19A009F8365 /* BunnyAppTests.swift */ = {isa = PBXFileReference; lastKnownFileType = sourcecode.swift; path = BunnyAppTests.swift; sourceTree = "<group>"; };
		417DDEBA2C84F19A009F8365 /* BunnyAppUITests.xctest */ = {isa = PBXFileReference; explicitFileType = wrapper.cfbundle; includeInIndex = 0; path = BunnyAppUITests.xctest; sourceTree = BUILT_PRODUCTS_DIR; };
		417DDEBE2C84F19A009F8365 /* BunnyAppUITests.swift */ = {isa = PBXFileReference; lastKnownFileType = sourcecode.swift; path = BunnyAppUITests.swift; sourceTree = "<group>"; };
		417DDEC02C84F19A009F8365 /* BunnyAppUITestsLaunchTests.swift */ = {isa = PBXFileReference; lastKnownFileType = sourcecode.swift; path = BunnyAppUITestsLaunchTests.swift; sourceTree = "<group>"; };
/* End PBXFileReference section */

/* Begin PBXFrameworksBuildPhase section */
		417DDE9D2C84F198009F8365 /* Frameworks */ = {
			isa = PBXFrameworksBuildPhase;
			buildActionMask = 2147483647;
			files = (
			);
			runOnlyForDeploymentPostprocessing = 0;
		};
		417DDEAD2C84F19A009F8365 /* Frameworks */ = {
			isa = PBXFrameworksBuildPhase;
			buildActionMask = 2147483647;
			files = (
			);
			runOnlyForDeploymentPostprocessing = 0;
		};
		417DDEB72C84F19A009F8365 /* Frameworks */ = {
			isa = PBXFrameworksBuildPhase;
			buildActionMask = 2147483647;
			files = (
			);
			runOnlyForDeploymentPostprocessing = 0;
		};
/* End PBXFrameworksBuildPhase section */

/* Begin PBXGroup section */
		417DDE972C84F198009F8365 = {
			isa = PBXGroup;
			children = (
				417DDEA22C84F198009F8365 /* BunnyApp */,
				417DDEB32C84F19A009F8365 /* BunnyAppTests */,
				417DDEBD2C84F19A009F8365 /* BunnyAppUITests */,
				417DDEA12C84F198009F8365 /* Products */,
			);
			sourceTree = "<group>";
		};
		417DDEA12C84F198009F8365 /* Products */ = {
			isa = PBXGroup;
			children = (
				417DDEA02C84F198009F8365 /* BunnyApp.app */,
				417DDEB02C84F19A009F8365 /* BunnyAppTests.xctest */,
				417DDEBA2C84F19A009F8365 /* BunnyAppUITests.xctest */,
			);
			name = Products;
			sourceTree = "<group>";
		};
		417DDEA22C84F198009F8365 /* BunnyApp */ = {
			isa = PBXGroup;
			children = (
				417DDEA32C84F198009F8365 /* BunnyAppApp.swift */,
				417DDEA52C84F198009F8365 /* ContentView.swift */,
				417DDEA72C84F199009F8365 /* Assets.xcassets */,
				417DDEA92C84F199009F8365 /* Preview Content */,
			);
			path = BunnyApp;
			sourceTree = "<group>";
		};
		417DDEA92C84F199009F8365 /* Preview Content */ = {
			isa = PBXGroup;
			children = (
				417DDEAA2C84F199009F8365 /* Preview Assets.xcassets */,
			);
			path = "Preview Content";
			sourceTree = "<group>";
		};
		417DDEB32C84F19A009F8365 /* BunnyAppTests */ = {
			isa = PBXGroup;
			children = (
				417DDEB42C84F19A009F8365 /* BunnyAppTests.swift */,
			);
			path = BunnyAppTests;
			sourceTree = "<group>";
		};
		417DDEBD2C84F19A009F8365 /* BunnyAppUITests */ = {
			isa = PBXGroup;
			children = (
				417DDEBE2C84F19A009F8365 /* BunnyAppUITests.swift */,
				417DDEC02C84F19A009F8365 /* BunnyAppUITestsLaunchTests.swift */,
			);
			path = BunnyAppUITests;
			sourceTree = "<group>";
		};
/* End PBXGroup section */

/* Begin PBXNativeTarget section */
		417DDE9F2C84F198009F8365 /* BunnyApp */ = {
			isa = PBXNativeTarget;
			buildConfigurationList = 417DDEC42C84F19A009F8365 /* Build configuration list for PBXNativeTarget "BunnyApp" */;
			buildPhases = (
				417DDE9C2C84F198009F8365 /* Sources */,
				417DDE9D2C84F198009F8365 /* Frameworks */,
				417DDE9E2C84F198009F8365 /* Resources */,
			);
			buildRules = (
			);
			dependencies = (
			);
			name = BunnyApp;
			productName = BunnyApp;
			productReference = 417DDEA02C84F198009F8365 /* BunnyApp.app */;
			productType = "com.apple.product-type.application";
		};
		417DDEAF2C84F19A009F8365 /* BunnyAppTests */ = {
			isa = PBXNativeTarget;
			buildConfigurationList = 417DDEC72C84F19A009F8365 /* Build configuration list for PBXNativeTarget "BunnyAppTests" */;
			buildPhases = (
				417DDEAC2C84F19A009F8365 /* Sources */,
				417DDEAD2C84F19A009F8365 /* Frameworks */,
				417DDEAE2C84F19A009F8365 /* Resources */,
			);
			buildRules = (
			);
			dependencies = (
				417DDEB22C84F19A009F8365 /* PBXTargetDependency */,
			);
			name = BunnyAppTests;
			productName = BunnyAppTests;
			productReference = 417DDEB02C84F19A009F8365 /* BunnyAppTests.xctest */;
			productType = "com.apple.product-type.bundle.unit-test";
		};
		417DDEB92C84F19A009F8365 /* BunnyAppUITests */ = {
			isa = PBXNativeTarget;
			buildConfigurationList = 417DDECA2C84F19A009F8365 /* Build configuration list for PBXNativeTarget "BunnyAppUITests" */;
			buildPhases = (
				417DDEB62C84F19A009F8365 /* Sources */,
				417DDEB72C84F19A009F8365 /* Frameworks */,
				417DDEB82C84F19A009F8365 /* Resources */,
			);
			buildRules = (
			);
			dependencies = (
				417DDEBC2C84F19A009F8365 /* PBXTargetDependency */,
			);
			name = BunnyAppUITests;
			productName = BunnyAppUITests;
			productReference = 417DDEBA2C84F19A009F8365 /* BunnyAppUITests.xctest */;
			productType = "com.apple.product-type.bundle.ui-testing";
		};
/* End PBXNativeTarget section */

/* Begin PBXProject section */
		417DDE982C84F198009F8365 /* Project object */ = {
			isa = PBXProject;
			attributes = {
				BuildIndependentTargetsInParallel = 1;
				LastSwiftUpdateCheck = 1540;
				LastUpgradeCheck = 1540;
				TargetAttributes = {
					417DDE9F2C84F198009F8365 = {
						CreatedOnToolsVersion = 15.4;
					};
					417DDEAF2C84F19A009F8365 = {
						CreatedOnToolsVersion = 15.4;
						TestTargetID = 417DDE9F2C84F198009F8365;
					};
					417DDEB92C84F19A009F8365 = {
						CreatedOnToolsVersion = 15.4;
						TestTargetID = 417DDE9F2C84F198009F8365;
					};
				};
			};
			buildConfigurationList = 417DDE9B2C84F198009F8365 /* Build configuration list for PBXProject "BunnyApp" */;
			compatibilityVersion = "Xcode 14.0";
			developmentRegion = en;
			hasScannedForEncodings = 0;
			knownRegions = (
				en,
				Base,
			);
			mainGroup = 417DDE972C84F198009F8365;
			productRefGroup = 417DDEA12C84F198009F8365 /* Products */;
			projectDirPath = "";
			projectRoot = "";
			targets = (
				417DDE9F2C84F198009F8365 /* BunnyApp */,
				417DDEAF2C84F19A009F8365 /* BunnyAppTests */,
				417DDEB92C84F19A009F8365 /* BunnyAppUITests */,
			);
		};
/* End PBXProject section */

/* Begin PBXResourcesBuildPhase section */
		417DDE9E2C84F198009F8365 /* Resources */ = {
			isa = PBXResourcesBuildPhase;
			buildActionMask = 2147483647;
			files = (
				417DDEAB2C84F199009F8365 /* Preview Assets.xcassets in Resources */,
				417DDEA82C84F199009F8365 /* Assets.xcassets in Resources */,
			);
			runOnlyForDeploymentPostprocessing = 0;
		};
		417DDEAE2C84F19A009F8365 /* Resources */ = {
			isa = PBXResourcesBuildPhase;
			buildActionMask = 2147483647;
			files = (
			);
			runOnlyForDeploymentPostprocessing = 0;
		};
		417DDEB82C84F19A009F8365 /* Resources */ = {
			isa = PBXResourcesBuildPhase;
			buildActionMask = 2147483647;
			files = (
			);
			runOnlyForDeploymentPostprocessing = 0;
		};
/* End PBXResourcesBuildPhase section */

/* Begin PBXSourcesBuildPhase section */
		417DDE9C2C84F198009F8365 /* Sources */ = {
			isa = PBXSourcesBuildPhase;
			buildActionMask = 2147483647;
			files = (
				417DDEA62C84F198009F8365 /* ContentView.swift in Sources */,
				417DDEA42C84F198009F8365 /* BunnyAppApp.swift in Sources */,
			);
			runOnlyForDeploymentPostprocessing = 0;
		};
		417DDEAC2C84F19A009F8365 /* Sources */ = {
			isa = PBXSourcesBuildPhase;
			buildActionMask = 2147483647;
			files = (
				417DDEB52C84F19A009F8365 /* BunnyAppTests.swift in Sources */,
			);
			runOnlyForDeploymentPostprocessing = 0;
		};
		417DDEB62C84F19A009F8365 /* Sources */ = {
			isa = PBXSourcesBuildPhase;
			buildActionMask = 2147483647;
			files = (
				417DDEC12C84F19A009F8365 /* BunnyAppUITestsLaunchTests.swift in Sources */,
				417DDEBF2C84F19A009F8365 /* BunnyAppUITests.swift in Sources */,
			);
			runOnlyForDeploymentPostprocessing = 0;
		};
/* End PBXSourcesBuildPhase section */

/* Begin PBXTargetDependency section */
		417DDEB22C84F19A009F8365 /* PBXTargetDependency */ = {
			isa = PBXTargetDependency;
			target = 417DDE9F2C84F198009F8365 /* BunnyApp */;
			targetProxy = 417DDEB12C84F19A009F8365 /* PBXContainerItemProxy */;
		};
		417DDEBC2C84F19A009F8365 /* PBXTargetDependency */ = {
			isa = PBXTargetDependency;
			target = 417DDE9F2C84F198009F8365 /* BunnyApp */;
			targetProxy = 417DDEBB2C84F19A009F8365 /* PBXContainerItemProxy */;
		};
/* End PBXTargetDependency section */

/* Begin XCBuildConfiguration section */
		417DDEC22C84F19A009F8365 /* Debug */ = {
			isa = XCBuildConfiguration;
			buildSettings = {
				ALWAYS_SEARCH_USER_PATHS = NO;
				ASSETCATALOG_COMPILER_GENERATE_SWIFT_ASSET_SYMBOL_EXTENSIONS = YES;
				CLANG_ANALYZER_NONNULL = YES;
				CLANG_ANALYZER_NUMBER_OBJECT_CONVERSION = YES_AGGRESSIVE;
				CLANG_CXX_LANGUAGE_STANDARD = "gnu++20";
				CLANG_ENABLE_MODULES = YES;
				CLANG_ENABLE_OBJC_ARC = YES;
				CLANG_ENABLE_OBJC_WEAK = YES;
				CLANG_WARN_BLOCK_CAPTURE_AUTORELEASING = YES;
				CLANG_WARN_BOOL_CONVERSION = YES;
				CLANG_WARN_COMMA = YES;
				CLANG_WARN_CONSTANT_CONVERSION = YES;
				CLANG_WARN_DEPRECATED_OBJC_IMPLEMENTATIONS = YES;
				CLANG_WARN_DIRECT_OBJC_ISA_USAGE = YES_ERROR;
				CLANG_WARN_DOCUMENTATION_COMMENTS = YES;
				CLANG_WARN_EMPTY_BODY = YES;
				CLANG_WARN_ENUM_CONVERSION = YES;
				CLANG_WARN_INFINITE_RECURSION = YES;
				CLANG_WARN_INT_CONVERSION = YES;
				CLANG_WARN_NON_LITERAL_NULL_CONVERSION = YES;
				CLANG_WARN_OBJC_IMPLICIT_RETAIN_SELF = YES;
				CLANG_WARN_OBJC_LITERAL_CONVERSION = YES;
				CLANG_WARN_OBJC_ROOT_CLASS = YES_ERROR;
				CLANG_WARN_QUOTED_INCLUDE_IN_FRAMEWORK_HEADER = YES;
				CLANG_WARN_RANGE_LOOP_ANALYSIS = YES;
				CLANG_WARN_STRICT_PROTOTYPES = YES;
				CLANG_WARN_SUSPICIOUS_MOVE = YES;
				CLANG_WARN_UNGUARDED_AVAILABILITY = YES_AGGRESSIVE;
				CLANG_WARN_UNREACHABLE_CODE = YES;
				CLANG_WARN__DUPLICATE_METHOD_MATCH = YES;
				COPY_PHASE_STRIP = NO;
				DEBUG_INFORMATION_FORMAT = dwarf;
				ENABLE_STRICT_OBJC_MSGSEND = YES;
				ENABLE_TESTABILITY = YES;
				ENABLE_USER_SCRIPT_SANDBOXING = YES;
				GCC_C_LANGUAGE_STANDARD = gnu17;
				GCC_DYNAMIC_NO_PIC = NO;
				GCC_NO_COMMON_BLOCKS = YES;
				GCC_OPTIMIZATION_LEVEL = 0;
				GCC_PREPROCESSOR_DEFINITIONS = (
					"DEBUG=1",
					"$(inherited)",
				);
				GCC_WARN_64_TO_32_BIT_CONVERSION = YES;
				GCC_WARN_ABOUT_RETURN_TYPE = YES_ERROR;
				GCC_WARN_UNDECLARED_SELECTOR = YES;
				GCC_WARN_UNINITIALIZED_AUTOS = YES_AGGRESSIVE;
				GCC_WARN_UNUSED_FUNCTION = YES;
				GCC_WARN_UNUSED_VARIABLE = YES;
				IPHONEOS_DEPLOYMENT_TARGET = 17.5;
				LOCALIZATION_PREFERS_STRING_CATALOGS = YES;
				MTL_ENABLE_DEBUG_INFO = INCLUDE_SOURCE;
				MTL_FAST_MATH = YES;
				ONLY_ACTIVE_ARCH = YES;
				SDKROOT = iphoneos;
				SWIFT_ACTIVE_COMPILATION_CONDITIONS = "DEBUG $(inherited)";
				SWIFT_OPTIMIZATION_LEVEL = "-Onone";
			};
			name = Debug;
		};
		417DDEC32C84F19A009F8365 /* Release */ = {
			isa = XCBuildConfiguration;
			buildSettings = {
				ALWAYS_SEARCH_USER_PATHS = NO;
				ASSETCATALOG_COMPILER_GENERATE_SWIFT_ASSET_SYMBOL_EXTENSIONS = YES;
				CLANG_ANALYZER_NONNULL = YES;
				CLANG_ANALYZER_NUMBER_OBJECT_CONVERSION = YES_AGGRESSIVE;
				CLANG_CXX_LANGUAGE_STANDARD = "gnu++20";
				CLANG_ENABLE_MODULES = YES;
				CLANG_ENABLE_OBJC_ARC = YES;
				CLANG_ENABLE_OBJC_WEAK = YES;
				CLANG_WARN_BLOCK_CAPTURE_AUTORELEASING = YES;
				CLANG_WARN_BOOL_CONVERSION = YES;
				CLANG_WARN_COMMA = YES;
				CLANG_WARN_CONSTANT_CONVERSION = YES;
				CLANG_WARN_DEPRECATED_OBJC_IMPLEMENTATIONS = YES;
				CLANG_WARN_DIRECT_OBJC_ISA_USAGE = YES_ERROR;
				CLANG_WARN_DOCUMENTATION_COMMENTS = YES;
				CLANG_WARN_EMPTY_BODY = YES;
				CLANG_WARN_ENUM_CONVERSION = YES;
				CLANG_WARN_INFINITE_RECURSION = YES;
				CLANG_WARN_INT_CONVERSION = YES;
				CLANG_WARN_NON_LITERAL_NULL_CONVERSION = YES;
				CLANG_WARN_OBJC_IMPLICIT_RETAIN_SELF = YES;
				CLANG_WARN_OBJC_LITERAL_CONVERSION = YES;
				CLANG_WARN_OBJC_ROOT_CLASS = YES_ERROR;
				CLANG_WARN_QUOTED_INCLUDE_IN_FRAMEWORK_HEADER = YES;
				CLANG_WARN_RANGE_LOOP_ANALYSIS = YES;
				CLANG_WARN_STRICT_PROTOTYPES = YES;
				CLANG_WARN_SUSPICIOUS_MOVE = YES;
				CLANG_WARN_UNGUARDED_AVAILABILITY = YES_AGGRESSIVE;
				CLANG_WARN_UNREACHABLE_CODE = YES;
				CLANG_WARN__DUPLICATE_METHOD_MATCH = YES;
				COPY_PHASE_STRIP = NO;
				DEBUG_INFORMATION_FORMAT = "dwarf-with-dsym";
				ENABLE_NS_ASSERTIONS = NO;
				ENABLE_STRICT_OBJC_MSGSEND = YES;
				ENABLE_USER_SCRIPT_SANDBOXING = YES;
				GCC_C_LANGUAGE_STANDARD = gnu17;
				GCC_NO_COMMON_BLOCKS = YES;
				GCC_WARN_64_TO_32_BIT_CONVERSION = YES;
				GCC_WARN_ABOUT_RETURN_TYPE = YES_ERROR;
				GCC_WARN_UNDECLARED_SELECTOR = YES;
				GCC_WARN_UNINITIALIZED_AUTOS = YES_AGGRESSIVE;
				GCC_WARN_UNUSED_FUNCTION = YES;
				GCC_WARN_UNUSED_VARIABLE = YES;
				IPHONEOS_DEPLOYMENT_TARGET = 17.5;
				LOCALIZATION_PREFERS_STRING_CATALOGS = YES;
				MTL_ENABLE_DEBUG_INFO = NO;
				MTL_FAST_MATH = YES;
				SDKROOT = iphoneos;
				SWIFT_COMPILATION_MODE = wholemodule;
				VALIDATE_PRODUCT = YES;
			};
			name = Release;
		};
		417DDEC52C84F19A009F8365 /* Debug */ = {
			isa = XCBuildConfiguration;
			buildSettings = {
				ASSETCATALOG_COMPILER_APPICON_NAME = AppIcon;
				ASSETCATALOG_COMPILER_GLOBAL_ACCENT_COLOR_NAME = AccentColor;
				CODE_SIGN_STYLE = Automatic;
				CURRENT_PROJECT_VERSION = 1;
				DEVELOPMENT_ASSET_PATHS = "\"BunnyApp/Preview Content\"";
				DEVELOPMENT_TEAM = 6X8XC32WSC;
				ENABLE_PREVIEWS = YES;
				GENERATE_INFOPLIST_FILE = YES;
				INFOPLIST_KEY_UIApplicationSceneManifest_Generation = YES;
				INFOPLIST_KEY_UIApplicationSupportsIndirectInputEvents = YES;
				INFOPLIST_KEY_UILaunchScreen_Generation = YES;
				INFOPLIST_KEY_UISupportedInterfaceOrientations_iPad = "UIInterfaceOrientationPortrait UIInterfaceOrientationPortraitUpsideDown UIInterfaceOrientationLandscapeLeft UIInterfaceOrientationLandscapeRight";
				INFOPLIST_KEY_UISupportedInterfaceOrientations_iPhone = "UIInterfaceOrientationPortrait UIInterfaceOrientationLandscapeLeft UIInterfaceOrientationLandscapeRight";
				LD_RUNPATH_SEARCH_PATHS = (
					"$(inherited)",
					"@executable_path/Frameworks",
				);
				MARKETING_VERSION = 1.0;
				PRODUCT_BUNDLE_IDENTIFIER = vrindajoshi.BunnyApp;
				PRODUCT_NAME = "$(TARGET_NAME)";
				SWIFT_EMIT_LOC_STRINGS = YES;
				SWIFT_VERSION = 5.0;
				TARGETED_DEVICE_FAMILY = "1,2";
			};
			name = Debug;
		};
		417DDEC62C84F19A009F8365 /* Release */ = {
			isa = XCBuildConfiguration;
			buildSettings = {
				ASSETCATALOG_COMPILER_APPICON_NAME = AppIcon;
				ASSETCATALOG_COMPILER_GLOBAL_ACCENT_COLOR_NAME = AccentColor;
				CODE_SIGN_STYLE = Automatic;
				CURRENT_PROJECT_VERSION = 1;
				DEVELOPMENT_ASSET_PATHS = "\"BunnyApp/Preview Content\"";
				DEVELOPMENT_TEAM = 6X8XC32WSC;
				ENABLE_PREVIEWS = YES;
				GENERATE_INFOPLIST_FILE = YES;
				INFOPLIST_KEY_UIApplicationSceneManifest_Generation = YES;
				INFOPLIST_KEY_UIApplicationSupportsIndirectInputEvents = YES;
				INFOPLIST_KEY_UILaunchScreen_Generation = YES;
				INFOPLIST_KEY_UISupportedInterfaceOrientations_iPad = "UIInterfaceOrientationPortrait UIInterfaceOrientationPortraitUpsideDown UIInterfaceOrientationLandscapeLeft UIInterfaceOrientationLandscapeRight";
				INFOPLIST_KEY_UISupportedInterfaceOrientations_iPhone = "UIInterfaceOrientationPortrait UIInterfaceOrientationLandscapeLeft UIInterfaceOrientationLandscapeRight";
				LD_RUNPATH_SEARCH_PATHS = (
					"$(inherited)",
					"@executable_path/Frameworks",
				);
				MARKETING_VERSION = 1.0;
				PRODUCT_BUNDLE_IDENTIFIER = vrindajoshi.BunnyApp;
				PRODUCT_NAME = "$(TARGET_NAME)";
				SWIFT_EMIT_LOC_STRINGS = YES;
				SWIFT_VERSION = 5.0;
				TARGETED_DEVICE_FAMILY = "1,2";
			};
			name = Release;
		};
		417DDEC82C84F19A009F8365 /* Debug */ = {
			isa = XCBuildConfiguration;
			buildSettings = {
				ALWAYS_EMBED_SWIFT_STANDARD_LIBRARIES = YES;
				BUNDLE_LOADER = "$(TEST_HOST)";
				CODE_SIGN_STYLE = Automatic;
				CURRENT_PROJECT_VERSION = 1;
				DEVELOPMENT_TEAM = 6X8XC32WSC;
				GENERATE_INFOPLIST_FILE = YES;
				IPHONEOS_DEPLOYMENT_TARGET = 17.5;
				MARKETING_VERSION = 1.0;
				PRODUCT_BUNDLE_IDENTIFIER = vrindajoshi.BunnyAppTests;
				PRODUCT_NAME = "$(TARGET_NAME)";
				SWIFT_EMIT_LOC_STRINGS = NO;
				SWIFT_VERSION = 5.0;
				TARGETED_DEVICE_FAMILY = "1,2";
				TEST_HOST = "$(BUILT_PRODUCTS_DIR)/BunnyApp.app/$(BUNDLE_EXECUTABLE_FOLDER_PATH)/BunnyApp";
			};
			name = Debug;
		};
		417DDEC92C84F19A009F8365 /* Release */ = {
			isa = XCBuildConfiguration;
			buildSettings = {
				ALWAYS_EMBED_SWIFT_STANDARD_LIBRARIES = YES;
				BUNDLE_LOADER = "$(TEST_HOST)";
				CODE_SIGN_STYLE = Automatic;
				CURRENT_PROJECT_VERSION = 1;
				DEVELOPMENT_TEAM = 6X8XC32WSC;
				GENERATE_INFOPLIST_FILE = YES;
				IPHONEOS_DEPLOYMENT_TARGET = 17.5;
				MARKETING_VERSION = 1.0;
				PRODUCT_BUNDLE_IDENTIFIER = vrindajoshi.BunnyAppTests;
				PRODUCT_NAME = "$(TARGET_NAME)";
				SWIFT_EMIT_LOC_STRINGS = NO;
				SWIFT_VERSION = 5.0;
				TARGETED_DEVICE_FAMILY = "1,2";
				TEST_HOST = "$(BUILT_PRODUCTS_DIR)/BunnyApp.app/$(BUNDLE_EXECUTABLE_FOLDER_PATH)/BunnyApp";
			};
			name = Release;
		};
		417DDECB2C84F19A009F8365 /* Debug */ = {
			isa = XCBuildConfiguration;
			buildSettings = {
				ALWAYS_EMBED_SWIFT_STANDARD_LIBRARIES = YES;
				CODE_SIGN_STYLE = Automatic;
				CURRENT_PROJECT_VERSION = 1;
				DEVELOPMENT_TEAM = 6X8XC32WSC;
				GENERATE_INFOPLIST_FILE = YES;
				MARKETING_VERSION = 1.0;
				PRODUCT_BUNDLE_IDENTIFIER = vrindajoshi.BunnyAppUITests;
				PRODUCT_NAME = "$(TARGET_NAME)";
				SWIFT_EMIT_LOC_STRINGS = NO;
				SWIFT_VERSION = 5.0;
				TARGETED_DEVICE_FAMILY = "1,2";
				TEST_TARGET_NAME = BunnyApp;
			};
			name = Debug;
		};
		417DDECC2C84F19A009F8365 /* Release */ = {
			isa = XCBuildConfiguration;
			buildSettings = {
				ALWAYS_EMBED_SWIFT_STANDARD_LIBRARIES = YES;
				CODE_SIGN_STYLE = Automatic;
				CURRENT_PROJECT_VERSION = 1;
				DEVELOPMENT_TEAM = 6X8XC32WSC;
				GENERATE_INFOPLIST_FILE = YES;
				MARKETING_VERSION = 1.0;
				PRODUCT_BUNDLE_IDENTIFIER = vrindajoshi.BunnyAppUITests;
				PRODUCT_NAME = "$(TARGET_NAME)";
				SWIFT_EMIT_LOC_STRINGS = NO;
				SWIFT_VERSION = 5.0;
				TARGETED_DEVICE_FAMILY = "1,2";
				TEST_TARGET_NAME = BunnyApp;
			};
			name = Release;
		};
/* End XCBuildConfiguration section */

/* Begin XCConfigurationList section */
		417DDE9B2C84F198009F8365 /* Build configuration list for PBXProject "BunnyApp" */ = {
			isa = XCConfigurationList;
			buildConfigurations = (
				417DDEC22C84F19A009F8365 /* Debug */,
				417DDEC32C84F19A009F8365 /* Release */,
			);
			defaultConfigurationIsVisible = 0;
			defaultConfigurationName = Release;
		};
		417DDEC42C84F19A009F8365 /* Build configuration list for PBXNativeTarget "BunnyApp" */ = {
			isa = XCConfigurationList;
			buildConfigurations = (
				417DDEC52C84F19A009F8365 /* Debug */,
				417DDEC62C84F19A009F8365 /* Release */,
			);
			defaultConfigurationIsVisible = 0;
			defaultConfigurationName = Release;
		};
		417DDEC72C84F19A009F8365 /* Build configuration list for PBXNativeTarget "BunnyAppTests" */ = {
			isa = XCConfigurationList;
			buildConfigurations = (
				417DDEC82C84F19A009F8365 /* Debug */,
				417DDEC92C84F19A009F8365 /* Release */,
			);
			defaultConfigurationIsVisible = 0;
			defaultConfigurationName = Release;
		};
		417DDECA2C84F19A009F8365 /* Build configuration list for PBXNativeTarget "BunnyAppUITests" */ = {
			isa = XCConfigurationList;
			buildConfigurations = (
				417DDECB2C84F19A009F8365 /* Debug */,
				417DDECC2C84F19A009F8365 /* Release */,
			);
			defaultConfigurationIsVisible = 0;
			defaultConfigurationName = Release;
		};
/* End XCConfigurationList section */
	};
	rootObject = 417DDE982C84F198009F8365 /* Project object */;
}
