// !$*UTF8*$!
{
	archiveVersion = 1;
	classes = {
	};
	objectVersion = 56;
	objects = {

/* Begin PBXBuildFile section */
		417DDEA42C84F198009F8365 /* BunnyAppApp.swift in Sources */ = {isa = PBXBuildFile; fileRef = 417DDEA32C84F198009F8365 /* BunnyAppApp.swift */; };
		417DDEA62C84F198009F8365 /* ContentView.swift in Sources */ = {isa = PBXBuildFile; fileRef = 417DDEA52C84F198009F8365 /* ContentView.swift */; };
		417DDEA82C84F199009F8365 /* Assets.xcassets in Resources */ = {isa = PBXBuildFile; fileRef = 417DDEA72C84F199009F8365 /* Assets.xcassets */; };
		417DDEAB2C84F199009F8365 /* Preview Assets.xcassets in Resources */ = {isa = PBXBuildFile; fileRef = 417DDEAA2C84F199009F8365 /* Preview Assets.xcassets */; };
		417DDED12C84F8EA009F8365 /* FirebaseAnalytics in Frameworks */ = {isa = PBXBuildFile; productRef = 417DDED02C84F8EA009F8365 /* FirebaseAnalytics */; };
		417DDED32C84F8EA009F8365 /* FirebaseAnalyticsOnDeviceConversion in Frameworks */ = {isa = PBXBuildFile; productRef = 417DDED22C84F8EA009F8365 /* FirebaseAnalyticsOnDeviceConversion */; };
		417DDED52C84F8EA009F8365 /* FirebaseAnalyticsWithoutAdIdSupport in Frameworks */ = {isa = PBXBuildFile; productRef = 417DDED42C84F8EA009F8365 /* FirebaseAnalyticsWithoutAdIdSupport */; };
		417DDED72C84F8EA009F8365 /* FirebaseAppCheck in Frameworks */ = {isa = PBXBuildFile; productRef = 417DDED62C84F8EA009F8365 /* FirebaseAppCheck */; };
		417DDED92C84F8EA009F8365 /* FirebaseAppDistribution-Beta in Frameworks */ = {isa = PBXBuildFile; productRef = 417DDED82C84F8EA009F8365 /* FirebaseAppDistribution-Beta */; };
		417DDEDB2C84F8EA009F8365 /* FirebaseAuth in Frameworks */ = {isa = PBXBuildFile; productRef = 417DDEDA2C84F8EA009F8365 /* FirebaseAuth */; };
		417DDEDD2C84F8EA009F8365 /* FirebaseAuthCombine-Community in Frameworks */ = {isa = PBXBuildFile; productRef = 417DDEDC2C84F8EA009F8365 /* FirebaseAuthCombine-Community */; };
		417DDEDF2C84F8EA009F8365 /* FirebaseCrashlytics in Frameworks */ = {isa = PBXBuildFile; productRef = 417DDEDE2C84F8EA009F8365 /* FirebaseCrashlytics */; };
		417DDEE12C84F8EA009F8365 /* FirebaseDatabase in Frameworks */ = {isa = PBXBuildFile; productRef = 417DDEE02C84F8EA009F8365 /* FirebaseDatabase */; };
		417DDEE32C84F8EA009F8365 /* FirebaseDynamicLinks in Frameworks */ = {isa = PBXBuildFile; productRef = 417DDEE22C84F8EA009F8365 /* FirebaseDynamicLinks */; };
		417DDEE52C84F8EA009F8365 /* FirebaseFirestore in Frameworks */ = {isa = PBXBuildFile; productRef = 417DDEE42C84F8EA009F8365 /* FirebaseFirestore */; };
		417DDEE72C84F8EA009F8365 /* FirebaseFirestoreCombine-Community in Frameworks */ = {isa = PBXBuildFile; productRef = 417DDEE62C84F8EA009F8365 /* FirebaseFirestoreCombine-Community */; };
		417DDEE92C84F8EA009F8365 /* FirebaseFunctions in Frameworks */ = {isa = PBXBuildFile; productRef = 417DDEE82C84F8EA009F8365 /* FirebaseFunctions */; };
		417DDEEB2C84F8EA009F8365 /* FirebaseFunctionsCombine-Community in Frameworks */ = {isa = PBXBuildFile; productRef = 417DDEEA2C84F8EA009F8365 /* FirebaseFunctionsCombine-Community */; };
		417DDEED2C84F8EA009F8365 /* FirebaseInAppMessaging-Beta in Frameworks */ = {isa = PBXBuildFile; productRef = 417DDEEC2C84F8EA009F8365 /* FirebaseInAppMessaging-Beta */; };
		417DDEEF2C84F8EA009F8365 /* FirebaseInstallations in Frameworks */ = {isa = PBXBuildFile; productRef = 417DDEEE2C84F8EA009F8365 /* FirebaseInstallations */; };
		417DDEF12C84F8EA009F8365 /* FirebaseMLModelDownloader in Frameworks */ = {isa = PBXBuildFile; productRef = 417DDEF02C84F8EA009F8365 /* FirebaseMLModelDownloader */; };
		417DDEF32C84F8EA009F8365 /* FirebaseMessaging in Frameworks */ = {isa = PBXBuildFile; productRef = 417DDEF22C84F8EA009F8365 /* FirebaseMessaging */; };
		417DDEF52C84F8EA009F8365 /* FirebasePerformance in Frameworks */ = {isa = PBXBuildFile; productRef = 417DDEF42C84F8EA009F8365 /* FirebasePerformance */; };
		417DDEF72C84F8EA009F8365 /* FirebaseRemoteConfig in Frameworks */ = {isa = PBXBuildFile; productRef = 417DDEF62C84F8EA009F8365 /* FirebaseRemoteConfig */; };
		417DDEF92C84F8EA009F8365 /* FirebaseStorage in Frameworks */ = {isa = PBXBuildFile; productRef = 417DDEF82C84F8EA009F8365 /* FirebaseStorage */; };
		417DDEFB2C84F8EA009F8365 /* FirebaseStorageCombine-Community in Frameworks */ = {isa = PBXBuildFile; productRef = 417DDEFA2C84F8EA009F8365 /* FirebaseStorageCombine-Community */; };
		417DDEFD2C84F8EA009F8365 /* FirebaseVertexAI-Preview in Frameworks */ = {isa = PBXBuildFile; productRef = 417DDEFC2C84F8EA009F8365 /* FirebaseVertexAI-Preview */; };
		417DDF032C84FACB009F8365 /* User.swift in Sources */ = {isa = PBXBuildFile; fileRef = 417DDF022C84FACB009F8365 /* User.swift */; };
		417DDF052C84FAD8009F8365 /* ToDoItem.swift in Sources */ = {isa = PBXBuildFile; fileRef = 417DDF042C84FAD8009F8365 /* ToDoItem.swift */; };
		417DDF072C84FAEF009F8365 /* ContentViewModel.swift in Sources */ = {isa = PBXBuildFile; fileRef = 417DDF062C84FAEF009F8365 /* ContentViewModel.swift */; };
		417DDF092C84FAF9009F8365 /* ProfileViewModel.swift in Sources */ = {isa = PBXBuildFile; fileRef = 417DDF082C84FAF9009F8365 /* ProfileViewModel.swift */; };
		417DDF0B2C84FB10009F8365 /* ListViewModel.swift in Sources */ = {isa = PBXBuildFile; fileRef = 417DDF0A2C84FB10009F8365 /* ListViewModel.swift */; };
		417DDF0E2C84FB24009F8365 /* NewItemViewModel.swift in Sources */ = {isa = PBXBuildFile; fileRef = 417DDF0D2C84FB24009F8365 /* NewItemViewModel.swift */; };
		417DDF102C84FB33009F8365 /* LoginViewModel.swift in Sources */ = {isa = PBXBuildFile; fileRef = 417DDF0F2C84FB33009F8365 /* LoginViewModel.swift */; };
		417DDF122C84FB3F009F8365 /* RegisterViewModel.swift in Sources */ = {isa = PBXBuildFile; fileRef = 417DDF112C84FB3F009F8365 /* RegisterViewModel.swift */; };
		417DDF142C84FB49009F8365 /* SingleItemViewModel.swift in Sources */ = {isa = PBXBuildFile; fileRef = 417DDF132C84FB49009F8365 /* SingleItemViewModel.swift */; };
		417DDF162C84FB5A009F8365 /* HeaderView.swift in Sources */ = {isa = PBXBuildFile; fileRef = 417DDF152C84FB5A009F8365 /* HeaderView.swift */; };
		417DDF182C84FB61009F8365 /* ProfileView.swift in Sources */ = {isa = PBXBuildFile; fileRef = 417DDF172C84FB61009F8365 /* ProfileView.swift */; };
		417DDF1A2C84FB6C009F8365 /* ListView.swift in Sources */ = {isa = PBXBuildFile; fileRef = 417DDF192C84FB6C009F8365 /* ListView.swift */; };
		417DDF1C2C84FB76009F8365 /* SingleItemView.swift in Sources */ = {isa = PBXBuildFile; fileRef = 417DDF1B2C84FB76009F8365 /* SingleItemView.swift */; };
		417DDF1E2C84FB83009F8365 /* TLButton.swift in Sources */ = {isa = PBXBuildFile; fileRef = 417DDF1D2C84FB83009F8365 /* TLButton.swift */; };
		417DDF202C84FB8C009F8365 /* LoginView.swift in Sources */ = {isa = PBXBuildFile; fileRef = 417DDF1F2C84FB8C009F8365 /* LoginView.swift */; };
		417DDF222C84FB95009F8365 /* RegisterView.swift in Sources */ = {isa = PBXBuildFile; fileRef = 417DDF212C84FB95009F8365 /* RegisterView.swift */; };
		417DDF242C84FBAC009F8365 /* NewItemView.swift in Sources */ = {isa = PBXBuildFile; fileRef = 417DDF232C84FBAC009F8365 /* NewItemView.swift */; };
		417DDF262C84FC82009F8365 /* Extensions.swift in Sources */ = {isa = PBXBuildFile; fileRef = 417DDF252C84FC82009F8365 /* Extensions.swift */; };
		417DDF282C8502DA009F8365 /* GoogleService-Info.plist in Resources */ = {isa = PBXBuildFile; fileRef = 417DDF272C8502DA009F8365 /* GoogleService-Info.plist */; };
		417DDF2B2C8F5998009F8365 /* Launch Screen.storyboard in Resources */ = {isa = PBXBuildFile; fileRef = 417DDF2A2C8F5998009F8365 /* Launch Screen.storyboard */; };
		417DDF2F2C922C3A009F8365 /* EditItemView.swift in Sources */ = {isa = PBXBuildFile; fileRef = 417DDF2E2C922C39009F8365 /* EditItemView.swift */; };
		417DDF312C922CB3009F8365 /* EditItemViewModel.swift in Sources */ = {isa = PBXBuildFile; fileRef = 417DDF302C922CB3009F8365 /* EditItemViewModel.swift */; };
		41C7FEE42C97834A00E6459E /* CalendarViewModel.swift in Sources */ = {isa = PBXBuildFile; fileRef = 41C7FEE32C97834A00E6459E /* CalendarViewModel.swift */; };
		41C7FEE62C97835E00E6459E /* CalendarView.swift in Sources */ = {isa = PBXBuildFile; fileRef = 41C7FEE52C97835E00E6459E /* CalendarView.swift */; };
/* End PBXBuildFile section */

/* Begin PBXFileReference section */
		417DDEA02C84F198009F8365 /* BunnyApp.app */ = {isa = PBXFileReference; explicitFileType = wrapper.application; includeInIndex = 0; path = BunnyApp.app; sourceTree = BUILT_PRODUCTS_DIR; };
		417DDEA32C84F198009F8365 /* BunnyAppApp.swift */ = {isa = PBXFileReference; lastKnownFileType = sourcecode.swift; path = BunnyAppApp.swift; sourceTree = "<group>"; };
		417DDEA52C84F198009F8365 /* ContentView.swift */ = {isa = PBXFileReference; lastKnownFileType = sourcecode.swift; path = ContentView.swift; sourceTree = "<group>"; };
		417DDEA72C84F199009F8365 /* Assets.xcassets */ = {isa = PBXFileReference; lastKnownFileType = folder.assetcatalog; path = Assets.xcassets; sourceTree = "<group>"; };
		417DDEAA2C84F199009F8365 /* Preview Assets.xcassets */ = {isa = PBXFileReference; lastKnownFileType = folder.assetcatalog; path = "Preview Assets.xcassets"; sourceTree = "<group>"; };
		417DDF022C84FACB009F8365 /* User.swift */ = {isa = PBXFileReference; lastKnownFileType = sourcecode.swift; path = User.swift; sourceTree = "<group>"; };
		417DDF042C84FAD8009F8365 /* ToDoItem.swift */ = {isa = PBXFileReference; lastKnownFileType = sourcecode.swift; path = ToDoItem.swift; sourceTree = "<group>"; };
		417DDF062C84FAEF009F8365 /* ContentViewModel.swift */ = {isa = PBXFileReference; lastKnownFileType = sourcecode.swift; path = ContentViewModel.swift; sourceTree = "<group>"; };
		417DDF082C84FAF9009F8365 /* ProfileViewModel.swift */ = {isa = PBXFileReference; lastKnownFileType = sourcecode.swift; path = ProfileViewModel.swift; sourceTree = "<group>"; };
		417DDF0A2C84FB10009F8365 /* ListViewModel.swift */ = {isa = PBXFileReference; lastKnownFileType = sourcecode.swift; path = ListViewModel.swift; sourceTree = "<group>"; };
		417DDF0D2C84FB24009F8365 /* NewItemViewModel.swift */ = {isa = PBXFileReference; lastKnownFileType = sourcecode.swift; path = NewItemViewModel.swift; sourceTree = "<group>"; };
		417DDF0F2C84FB33009F8365 /* LoginViewModel.swift */ = {isa = PBXFileReference; lastKnownFileType = sourcecode.swift; path = LoginViewModel.swift; sourceTree = "<group>"; };
		417DDF112C84FB3F009F8365 /* RegisterViewModel.swift */ = {isa = PBXFileReference; lastKnownFileType = sourcecode.swift; path = RegisterViewModel.swift; sourceTree = "<group>"; };
		417DDF132C84FB49009F8365 /* SingleItemViewModel.swift */ = {isa = PBXFileReference; lastKnownFileType = sourcecode.swift; path = SingleItemViewModel.swift; sourceTree = "<group>"; };
		417DDF152C84FB5A009F8365 /* HeaderView.swift */ = {isa = PBXFileReference; lastKnownFileType = sourcecode.swift; path = HeaderView.swift; sourceTree = "<group>"; };
		417DDF172C84FB61009F8365 /* ProfileView.swift */ = {isa = PBXFileReference; lastKnownFileType = sourcecode.swift; path = ProfileView.swift; sourceTree = "<group>"; };
		417DDF192C84FB6C009F8365 /* ListView.swift */ = {isa = PBXFileReference; lastKnownFileType = sourcecode.swift; path = ListView.swift; sourceTree = "<group>"; };
		417DDF1B2C84FB76009F8365 /* SingleItemView.swift */ = {isa = PBXFileReference; lastKnownFileType = sourcecode.swift; path = SingleItemView.swift; sourceTree = "<group>"; };
		417DDF1D2C84FB83009F8365 /* TLButton.swift */ = {isa = PBXFileReference; lastKnownFileType = sourcecode.swift; path = TLButton.swift; sourceTree = "<group>"; };
		417DDF1F2C84FB8C009F8365 /* LoginView.swift */ = {isa = PBXFileReference; lastKnownFileType = sourcecode.swift; path = LoginView.swift; sourceTree = "<group>"; };
		417DDF212C84FB95009F8365 /* RegisterView.swift */ = {isa = PBXFileReference; lastKnownFileType = sourcecode.swift; path = RegisterView.swift; sourceTree = "<group>"; };
		417DDF232C84FBAC009F8365 /* NewItemView.swift */ = {isa = PBXFileReference; lastKnownFileType = sourcecode.swift; path = NewItemView.swift; sourceTree = "<group>"; };
		417DDF252C84FC82009F8365 /* Extensions.swift */ = {isa = PBXFileReference; lastKnownFileType = sourcecode.swift; path = Extensions.swift; sourceTree = "<group>"; };
		417DDF272C8502DA009F8365 /* GoogleService-Info.plist */ = {isa = PBXFileReference; fileEncoding = 4; lastKnownFileType = text.plist.xml; path = "GoogleService-Info.plist"; sourceTree = "<group>"; };
		417DDF2A2C8F5998009F8365 /* Launch Screen.storyboard */ = {isa = PBXFileReference; lastKnownFileType = file.storyboard; path = "Launch Screen.storyboard"; sourceTree = "<group>"; };
		417DDF2E2C922C39009F8365 /* EditItemView.swift */ = {isa = PBXFileReference; lastKnownFileType = sourcecode.swift; path = EditItemView.swift; sourceTree = "<group>"; };
		417DDF302C922CB3009F8365 /* EditItemViewModel.swift */ = {isa = PBXFileReference; lastKnownFileType = sourcecode.swift; path = EditItemViewModel.swift; sourceTree = "<group>"; };
		41C7FEE32C97834A00E6459E /* CalendarViewModel.swift */ = {isa = PBXFileReference; fileEncoding = 4; lastKnownFileType = sourcecode.swift; path = CalendarViewModel.swift; sourceTree = "<group>"; };
		41C7FEE52C97835E00E6459E /* CalendarView.swift */ = {isa = PBXFileReference; fileEncoding = 4; lastKnownFileType = sourcecode.swift; path = CalendarView.swift; sourceTree = "<group>"; };
/* End PBXFileReference section */

/* Begin PBXFrameworksBuildPhase section */
		417DDE9D2C84F198009F8365 /* Frameworks */ = {
			isa = PBXFrameworksBuildPhase;
			buildActionMask = 2147483647;
			files = (
				417DDEFB2C84F8EA009F8365 /* FirebaseStorageCombine-Community in Frameworks */,
				417DDEF32C84F8EA009F8365 /* FirebaseMessaging in Frameworks */,
				417DDEF12C84F8EA009F8365 /* FirebaseMLModelDownloader in Frameworks */,
				417DDED72C84F8EA009F8365 /* FirebaseAppCheck in Frameworks */,
				417DDEDB2C84F8EA009F8365 /* FirebaseAuth in Frameworks */,
				417DDED12C84F8EA009F8365 /* FirebaseAnalytics in Frameworks */,
				417DDED92C84F8EA009F8365 /* FirebaseAppDistribution-Beta in Frameworks */,
				417DDED52C84F8EA009F8365 /* FirebaseAnalyticsWithoutAdIdSupport in Frameworks */,
				417DDEDF2C84F8EA009F8365 /* FirebaseCrashlytics in Frameworks */,
				417DDEE12C84F8EA009F8365 /* FirebaseDatabase in Frameworks */,
				417DDEEB2C84F8EA009F8365 /* FirebaseFunctionsCombine-Community in Frameworks */,
				417DDEDD2C84F8EA009F8365 /* FirebaseAuthCombine-Community in Frameworks */,
				417DDEF92C84F8EA009F8365 /* FirebaseStorage in Frameworks */,
				417DDED32C84F8EA009F8365 /* FirebaseAnalyticsOnDeviceConversion in Frameworks */,
				417DDEE92C84F8EA009F8365 /* FirebaseFunctions in Frameworks */,
				417DDEEF2C84F8EA009F8365 /* FirebaseInstallations in Frameworks */,
				417DDEF52C84F8EA009F8365 /* FirebasePerformance in Frameworks */,
				417DDEE72C84F8EA009F8365 /* FirebaseFirestoreCombine-Community in Frameworks */,
				417DDEE52C84F8EA009F8365 /* FirebaseFirestore in Frameworks */,
				417DDEE32C84F8EA009F8365 /* FirebaseDynamicLinks in Frameworks */,
				417DDEED2C84F8EA009F8365 /* FirebaseInAppMessaging-Beta in Frameworks */,
				417DDEFD2C84F8EA009F8365 /* FirebaseVertexAI-Preview in Frameworks */,
				417DDEF72C84F8EA009F8365 /* FirebaseRemoteConfig in Frameworks */,
			);
			runOnlyForDeploymentPostprocessing = 0;
		};
/* End PBXFrameworksBuildPhase section */

/* Begin PBXGroup section */
		417DDE972C84F198009F8365 = {
			isa = PBXGroup;
			children = (
				417DDEA22C84F198009F8365 /* BunnyApp */,
				417DDEA12C84F198009F8365 /* Products */,
				417DDF292C88A139009F8365 /* Frameworks */,
			);
			sourceTree = "<group>";
		};
		417DDEA12C84F198009F8365 /* Products */ = {
			isa = PBXGroup;
			children = (
				417DDEA02C84F198009F8365 /* BunnyApp.app */,
			);
			name = Products;
			sourceTree = "<group>";
		};
		417DDEA22C84F198009F8365 /* BunnyApp */ = {
			isa = PBXGroup;
			children = (
				417DDF012C84FA67009F8365 /* ViewModels */,
				417DDF002C84FA61009F8365 /* Views */,
				417DDEFF2C84FA5C009F8365 /* Models */,
				417DDEFE2C84FA38009F8365 /* Other */,
				417DDEA92C84F199009F8365 /* Preview Content */,
			);
			path = BunnyApp;
			sourceTree = "<group>";
		};
		417DDEA92C84F199009F8365 /* Preview Content */ = {
			isa = PBXGroup;
			children = (
				417DDEAA2C84F199009F8365 /* Preview Assets.xcassets */,
			);
			path = "Preview Content";
			sourceTree = "<group>";
		};
		417DDEFE2C84FA38009F8365 /* Other */ = {
			isa = PBXGroup;
			children = (
				417DDEA32C84F198009F8365 /* BunnyAppApp.swift */,
				417DDEA72C84F199009F8365 /* Assets.xcassets */,
				417DDF272C8502DA009F8365 /* GoogleService-Info.plist */,
				417DDF252C84FC82009F8365 /* Extensions.swift */,
				417DDF2A2C8F5998009F8365 /* Launch Screen.storyboard */,
			);
			path = Other;
			sourceTree = "<group>";
		};
		417DDEFF2C84FA5C009F8365 /* Models */ = {
			isa = PBXGroup;
			children = (
				417DDF022C84FACB009F8365 /* User.swift */,
				417DDF042C84FAD8009F8365 /* ToDoItem.swift */,
			);
			path = Models;
			sourceTree = "<group>";
		};
		417DDF002C84FA61009F8365 /* Views */ = {
			isa = PBXGroup;
			children = (
				417DDEA52C84F198009F8365 /* ContentView.swift */,
				417DDF152C84FB5A009F8365 /* HeaderView.swift */,
				417DDF172C84FB61009F8365 /* ProfileView.swift */,
				417DDF192C84FB6C009F8365 /* ListView.swift */,
				417DDF1B2C84FB76009F8365 /* SingleItemView.swift */,
				417DDF1D2C84FB83009F8365 /* TLButton.swift */,
				417DDF1F2C84FB8C009F8365 /* LoginView.swift */,
				417DDF212C84FB95009F8365 /* RegisterView.swift */,
				417DDF232C84FBAC009F8365 /* NewItemView.swift */,
				417DDF2E2C922C39009F8365 /* EditItemView.swift */,
				41C7FEE52C97835E00E6459E /* CalendarView.swift */,
			);
			path = Views;
			sourceTree = "<group>";
		};
		417DDF012C84FA67009F8365 /* ViewModels */ = {
			isa = PBXGroup;
			children = (
				417DDF062C84FAEF009F8365 /* ContentViewModel.swift */,
				417DDF082C84FAF9009F8365 /* ProfileViewModel.swift */,
				417DDF0A2C84FB10009F8365 /* ListViewModel.swift */,
				417DDF0D2C84FB24009F8365 /* NewItemViewModel.swift */,
				417DDF0F2C84FB33009F8365 /* LoginViewModel.swift */,
				417DDF112C84FB3F009F8365 /* RegisterViewModel.swift */,
				417DDF132C84FB49009F8365 /* SingleItemViewModel.swift */,
				417DDF302C922CB3009F8365 /* EditItemViewModel.swift */,
				41C7FEE32C97834A00E6459E /* CalendarViewModel.swift */,
			);
			path = ViewModels;
			sourceTree = "<group>";
		};
		417DDF292C88A139009F8365 /* Frameworks */ = {
			isa = PBXGroup;
			children = (
			);
			name = Frameworks;
			sourceTree = "<group>";
		};
/* End PBXGroup section */

/* Begin PBXNativeTarget section */
		417DDE9F2C84F198009F8365 /* BunnyApp */ = {
			isa = PBXNativeTarget;
			buildConfigurationList = 417DDEC42C84F19A009F8365 /* Build configuration list for PBXNativeTarget "BunnyApp" */;
			buildPhases = (
				417DDE9C2C84F198009F8365 /* Sources */,
				417DDE9D2C84F198009F8365 /* Frameworks */,
				417DDE9E2C84F198009F8365 /* Resources */,
			);
			buildRules = (
			);
			dependencies = (
			);
			name = BunnyApp;
			packageProductDependencies = (
				417DDED02C84F8EA009F8365 /* FirebaseAnalytics */,
				417DDED22C84F8EA009F8365 /* FirebaseAnalyticsOnDeviceConversion */,
				417DDED42C84F8EA009F8365 /* FirebaseAnalyticsWithoutAdIdSupport */,
				417DDED62C84F8EA009F8365 /* FirebaseAppCheck */,
				417DDED82C84F8EA009F8365 /* FirebaseAppDistribution-Beta */,
				417DDEDA2C84F8EA009F8365 /* FirebaseAuth */,
				417DDEDC2C84F8EA009F8365 /* FirebaseAuthCombine-Community */,
				417DDEDE2C84F8EA009F8365 /* FirebaseCrashlytics */,
				417DDEE02C84F8EA009F8365 /* FirebaseDatabase */,
				417DDEE22C84F8EA009F8365 /* FirebaseDynamicLinks */,
				417DDEE42C84F8EA009F8365 /* FirebaseFirestore */,
				417DDEE62C84F8EA009F8365 /* FirebaseFirestoreCombine-Community */,
				417DDEE82C84F8EA009F8365 /* FirebaseFunctions */,
				417DDEEA2C84F8EA009F8365 /* FirebaseFunctionsCombine-Community */,
				417DDEEC2C84F8EA009F8365 /* FirebaseInAppMessaging-Beta */,
				417DDEEE2C84F8EA009F8365 /* FirebaseInstallations */,
				417DDEF02C84F8EA009F8365 /* FirebaseMLModelDownloader */,
				417DDEF22C84F8EA009F8365 /* FirebaseMessaging */,
				417DDEF42C84F8EA009F8365 /* FirebasePerformance */,
				417DDEF62C84F8EA009F8365 /* FirebaseRemoteConfig */,
				417DDEF82C84F8EA009F8365 /* FirebaseStorage */,
				417DDEFA2C84F8EA009F8365 /* FirebaseStorageCombine-Community */,
				417DDEFC2C84F8EA009F8365 /* FirebaseVertexAI-Preview */,
			);
			productName = BunnyApp;
			productReference = 417DDEA02C84F198009F8365 /* BunnyApp.app */;
			productType = "com.apple.product-type.application";
		};
/* End PBXNativeTarget section */

/* Begin PBXProject section */
		417DDE982C84F198009F8365 /* Project object */ = {
			isa = PBXProject;
			attributes = {
				BuildIndependentTargetsInParallel = 1;
				LastSwiftUpdateCheck = 1540;
				LastUpgradeCheck = 1540;
				TargetAttributes = {
					417DDE9F2C84F198009F8365 = {
						CreatedOnToolsVersion = 15.4;
					};
				};
			};
			buildConfigurationList = 417DDE9B2C84F198009F8365 /* Build configuration list for PBXProject "BunnyApp" */;
			compatibilityVersion = "Xcode 14.0";
			developmentRegion = en;
			hasScannedForEncodings = 0;
			knownRegions = (
				en,
				Base,
			);
			mainGroup = 417DDE972C84F198009F8365;
			packageReferences = (
				417DDECF2C84F8EA009F8365 /* XCRemoteSwiftPackageReference "firebase-ios-sdk" */,
			);
			productRefGroup = 417DDEA12C84F198009F8365 /* Products */;
			projectDirPath = "";
			projectRoot = "";
			targets = (
				417DDE9F2C84F198009F8365 /* BunnyApp */,
			);
		};
/* End PBXProject section */

/* Begin PBXResourcesBuildPhase section */
		417DDE9E2C84F198009F8365 /* Resources */ = {
			isa = PBXResourcesBuildPhase;
			buildActionMask = 2147483647;
			files = (
				417DDEAB2C84F199009F8365 /* Preview Assets.xcassets in Resources */,
				417DDF282C8502DA009F8365 /* GoogleService-Info.plist in Resources */,
				417DDF2B2C8F5998009F8365 /* Launch Screen.storyboard in Resources */,
				417DDEA82C84F199009F8365 /* Assets.xcassets in Resources */,
			);
			runOnlyForDeploymentPostprocessing = 0;
		};
/* End PBXResourcesBuildPhase section */

/* Begin PBXSourcesBuildPhase section */
		417DDE9C2C84F198009F8365 /* Sources */ = {
			isa = PBXSourcesBuildPhase;
			buildActionMask = 2147483647;
			files = (
				417DDF092C84FAF9009F8365 /* ProfileViewModel.swift in Sources */,
				417DDF182C84FB61009F8365 /* ProfileView.swift in Sources */,
				41C7FEE62C97835E00E6459E /* CalendarView.swift in Sources */,
				417DDF142C84FB49009F8365 /* SingleItemViewModel.swift in Sources */,
				417DDF312C922CB3009F8365 /* EditItemViewModel.swift in Sources */,
				417DDF122C84FB3F009F8365 /* RegisterViewModel.swift in Sources */,
				41C7FEE42C97834A00E6459E /* CalendarViewModel.swift in Sources */,
				417DDEA62C84F198009F8365 /* ContentView.swift in Sources */,
				417DDF1E2C84FB83009F8365 /* TLButton.swift in Sources */,
				417DDF242C84FBAC009F8365 /* NewItemView.swift in Sources */,
				417DDF0B2C84FB10009F8365 /* ListViewModel.swift in Sources */,
				417DDEA42C84F198009F8365 /* BunnyAppApp.swift in Sources */,
				417DDF052C84FAD8009F8365 /* ToDoItem.swift in Sources */,
				417DDF222C84FB95009F8365 /* RegisterView.swift in Sources */,
				417DDF162C84FB5A009F8365 /* HeaderView.swift in Sources */,
				417DDF202C84FB8C009F8365 /* LoginView.swift in Sources */,
				417DDF1C2C84FB76009F8365 /* SingleItemView.swift in Sources */,
				417DDF032C84FACB009F8365 /* User.swift in Sources */,
				417DDF262C84FC82009F8365 /* Extensions.swift in Sources */,
				417DDF1A2C84FB6C009F8365 /* ListView.swift in Sources */,
				417DDF0E2C84FB24009F8365 /* NewItemViewModel.swift in Sources */,
				417DDF072C84FAEF009F8365 /* ContentViewModel.swift in Sources */,
				417DDF102C84FB33009F8365 /* LoginViewModel.swift in Sources */,
				417DDF2F2C922C3A009F8365 /* EditItemView.swift in Sources */,
			);
			runOnlyForDeploymentPostprocessing = 0;
		};
/* End PBXSourcesBuildPhase section */

/* Begin XCBuildConfiguration section */
		417DDEC22C84F19A009F8365 /* Debug */ = {
			isa = XCBuildConfiguration;
			buildSettings = {
				ALWAYS_SEARCH_USER_PATHS = NO;
				ASSETCATALOG_COMPILER_GENERATE_SWIFT_ASSET_SYMBOL_EXTENSIONS = YES;
				CLANG_ANALYZER_NONNULL = YES;
				CLANG_ANALYZER_NUMBER_OBJECT_CONVERSION = YES_AGGRESSIVE;
				CLANG_CXX_LANGUAGE_STANDARD = "gnu++20";
				CLANG_ENABLE_MODULES = YES;
				CLANG_ENABLE_OBJC_ARC = YES;
				CLANG_ENABLE_OBJC_WEAK = YES;
				CLANG_WARN_BLOCK_CAPTURE_AUTORELEASING = YES;
				CLANG_WARN_BOOL_CONVERSION = YES;
				CLANG_WARN_COMMA = YES;
				CLANG_WARN_CONSTANT_CONVERSION = YES;
				CLANG_WARN_DEPRECATED_OBJC_IMPLEMENTATIONS = YES;
				CLANG_WARN_DIRECT_OBJC_ISA_USAGE = YES_ERROR;
				CLANG_WARN_DOCUMENTATION_COMMENTS = YES;
				CLANG_WARN_EMPTY_BODY = YES;
				CLANG_WARN_ENUM_CONVERSION = YES;
				CLANG_WARN_INFINITE_RECURSION = YES;
				CLANG_WARN_INT_CONVERSION = YES;
				CLANG_WARN_NON_LITERAL_NULL_CONVERSION = YES;
				CLANG_WARN_OBJC_IMPLICIT_RETAIN_SELF = YES;
				CLANG_WARN_OBJC_LITERAL_CONVERSION = YES;
				CLANG_WARN_OBJC_ROOT_CLASS = YES_ERROR;
				CLANG_WARN_QUOTED_INCLUDE_IN_FRAMEWORK_HEADER = YES;
				CLANG_WARN_RANGE_LOOP_ANALYSIS = YES;
				CLANG_WARN_STRICT_PROTOTYPES = YES;
				CLANG_WARN_SUSPICIOUS_MOVE = YES;
				CLANG_WARN_UNGUARDED_AVAILABILITY = YES_AGGRESSIVE;
				CLANG_WARN_UNREACHABLE_CODE = YES;
				CLANG_WARN__DUPLICATE_METHOD_MATCH = YES;
				COPY_PHASE_STRIP = NO;
				DEBUG_INFORMATION_FORMAT = dwarf;
				ENABLE_STRICT_OBJC_MSGSEND = YES;
				ENABLE_TESTABILITY = YES;
				ENABLE_USER_SCRIPT_SANDBOXING = YES;
				GCC_C_LANGUAGE_STANDARD = gnu17;
				GCC_DYNAMIC_NO_PIC = NO;
				GCC_NO_COMMON_BLOCKS = YES;
				GCC_OPTIMIZATION_LEVEL = 0;
				GCC_PREPROCESSOR_DEFINITIONS = (
					"DEBUG=1",
					"$(inherited)",
				);
				GCC_WARN_64_TO_32_BIT_CONVERSION = YES;
				GCC_WARN_ABOUT_RETURN_TYPE = YES_ERROR;
				GCC_WARN_UNDECLARED_SELECTOR = YES;
				GCC_WARN_UNINITIALIZED_AUTOS = YES_AGGRESSIVE;
				GCC_WARN_UNUSED_FUNCTION = YES;
				GCC_WARN_UNUSED_VARIABLE = YES;
				IPHONEOS_DEPLOYMENT_TARGET = 17.5;
				LOCALIZATION_PREFERS_STRING_CATALOGS = YES;
				MTL_ENABLE_DEBUG_INFO = INCLUDE_SOURCE;
				MTL_FAST_MATH = YES;
				ONLY_ACTIVE_ARCH = YES;
				SDKROOT = iphoneos;
				SWIFT_ACTIVE_COMPILATION_CONDITIONS = "DEBUG $(inherited)";
				SWIFT_OPTIMIZATION_LEVEL = "-Onone";
			};
			name = Debug;
		};
		417DDEC32C84F19A009F8365 /* Release */ = {
			isa = XCBuildConfiguration;
			buildSettings = {
				ALWAYS_SEARCH_USER_PATHS = NO;
				ASSETCATALOG_COMPILER_GENERATE_SWIFT_ASSET_SYMBOL_EXTENSIONS = YES;
				CLANG_ANALYZER_NONNULL = YES;
				CLANG_ANALYZER_NUMBER_OBJECT_CONVERSION = YES_AGGRESSIVE;
				CLANG_CXX_LANGUAGE_STANDARD = "gnu++20";
				CLANG_ENABLE_MODULES = YES;
				CLANG_ENABLE_OBJC_ARC = YES;
				CLANG_ENABLE_OBJC_WEAK = YES;
				CLANG_WARN_BLOCK_CAPTURE_AUTORELEASING = YES;
				CLANG_WARN_BOOL_CONVERSION = YES;
				CLANG_WARN_COMMA = YES;
				CLANG_WARN_CONSTANT_CONVERSION = YES;
				CLANG_WARN_DEPRECATED_OBJC_IMPLEMENTATIONS = YES;
				CLANG_WARN_DIRECT_OBJC_ISA_USAGE = YES_ERROR;
				CLANG_WARN_DOCUMENTATION_COMMENTS = YES;
				CLANG_WARN_EMPTY_BODY = YES;
				CLANG_WARN_ENUM_CONVERSION = YES;
				CLANG_WARN_INFINITE_RECURSION = YES;
				CLANG_WARN_INT_CONVERSION = YES;
				CLANG_WARN_NON_LITERAL_NULL_CONVERSION = YES;
				CLANG_WARN_OBJC_IMPLICIT_RETAIN_SELF = YES;
				CLANG_WARN_OBJC_LITERAL_CONVERSION = YES;
				CLANG_WARN_OBJC_ROOT_CLASS = YES_ERROR;
				CLANG_WARN_QUOTED_INCLUDE_IN_FRAMEWORK_HEADER = YES;
				CLANG_WARN_RANGE_LOOP_ANALYSIS = YES;
				CLANG_WARN_STRICT_PROTOTYPES = YES;
				CLANG_WARN_SUSPICIOUS_MOVE = YES;
				CLANG_WARN_UNGUARDED_AVAILABILITY = YES_AGGRESSIVE;
				CLANG_WARN_UNREACHABLE_CODE = YES;
				CLANG_WARN__DUPLICATE_METHOD_MATCH = YES;
				COPY_PHASE_STRIP = NO;
				DEBUG_INFORMATION_FORMAT = "dwarf-with-dsym";
				ENABLE_NS_ASSERTIONS = NO;
				ENABLE_STRICT_OBJC_MSGSEND = YES;
				ENABLE_USER_SCRIPT_SANDBOXING = YES;
				GCC_C_LANGUAGE_STANDARD = gnu17;
				GCC_NO_COMMON_BLOCKS = YES;
				GCC_WARN_64_TO_32_BIT_CONVERSION = YES;
				GCC_WARN_ABOUT_RETURN_TYPE = YES_ERROR;
				GCC_WARN_UNDECLARED_SELECTOR = YES;
				GCC_WARN_UNINITIALIZED_AUTOS = YES_AGGRESSIVE;
				GCC_WARN_UNUSED_FUNCTION = YES;
				GCC_WARN_UNUSED_VARIABLE = YES;
				IPHONEOS_DEPLOYMENT_TARGET = 17.5;
				LOCALIZATION_PREFERS_STRING_CATALOGS = YES;
				MTL_ENABLE_DEBUG_INFO = NO;
				MTL_FAST_MATH = YES;
				SDKROOT = iphoneos;
				SWIFT_COMPILATION_MODE = wholemodule;
				VALIDATE_PRODUCT = YES;
			};
			name = Release;
		};
		417DDEC52C84F19A009F8365 /* Debug */ = {
			isa = XCBuildConfiguration;
			buildSettings = {
				ASSETCATALOG_COMPILER_APPICON_NAME = AppIcon;
				ASSETCATALOG_COMPILER_GLOBAL_ACCENT_COLOR_NAME = AccentColor;
				CODE_SIGN_STYLE = Automatic;
				CURRENT_PROJECT_VERSION = 1;
				DEVELOPMENT_ASSET_PATHS = "\"BunnyApp/Preview Content\"";
				DEVELOPMENT_TEAM = 6X8XC32WSC;
				ENABLE_PREVIEWS = YES;
				GENERATE_INFOPLIST_FILE = YES;
				INFOPLIST_KEY_CFBundleDisplayName = "Bunny App";
				INFOPLIST_KEY_UIApplicationSceneManifest_Generation = YES;
				INFOPLIST_KEY_UIApplicationSupportsIndirectInputEvents = YES;
				INFOPLIST_KEY_UILaunchScreen_Generation = YES;
				INFOPLIST_KEY_UILaunchStoryboardName = "Launch Screen.storyboard";
				INFOPLIST_KEY_UISupportedInterfaceOrientations = UIInterfaceOrientationPortrait;
				LD_RUNPATH_SEARCH_PATHS = (
					"$(inherited)",
					"@executable_path/Frameworks",
				);
				MARKETING_VERSION = 1.0;
				PRODUCT_BUNDLE_IDENTIFIER = vrindajoshi.BunnyApp;
				PRODUCT_NAME = "$(TARGET_NAME)";
				SWIFT_EMIT_LOC_STRINGS = YES;
				SWIFT_VERSION = 5.0;
				TARGETED_DEVICE_FAMILY = "1,2";
			};
			name = Debug;
		};
		417DDEC62C84F19A009F8365 /* Release */ = {
			isa = XCBuildConfiguration;
			buildSettings = {
				ASSETCATALOG_COMPILER_APPICON_NAME = AppIcon;
				ASSETCATALOG_COMPILER_GLOBAL_ACCENT_COLOR_NAME = AccentColor;
				CODE_SIGN_STYLE = Automatic;
				CURRENT_PROJECT_VERSION = 1;
				DEVELOPMENT_ASSET_PATHS = "\"BunnyApp/Preview Content\"";
				DEVELOPMENT_TEAM = 6X8XC32WSC;
				ENABLE_PREVIEWS = YES;
				GENERATE_INFOPLIST_FILE = YES;
				INFOPLIST_KEY_CFBundleDisplayName = "Bunny App";
				INFOPLIST_KEY_UIApplicationSceneManifest_Generation = YES;
				INFOPLIST_KEY_UIApplicationSupportsIndirectInputEvents = YES;
				INFOPLIST_KEY_UILaunchScreen_Generation = YES;
				INFOPLIST_KEY_UILaunchStoryboardName = "Launch Screen.storyboard";
				INFOPLIST_KEY_UISupportedInterfaceOrientations = UIInterfaceOrientationPortrait;
				LD_RUNPATH_SEARCH_PATHS = (
					"$(inherited)",
					"@executable_path/Frameworks",
				);
				MARKETING_VERSION = 1.0;
				PRODUCT_BUNDLE_IDENTIFIER = vrindajoshi.BunnyApp;
				PRODUCT_NAME = "$(TARGET_NAME)";
				SWIFT_EMIT_LOC_STRINGS = YES;
				SWIFT_VERSION = 5.0;
				TARGETED_DEVICE_FAMILY = "1,2";
			};
			name = Release;
		};
/* End XCBuildConfiguration section */

/* Begin XCConfigurationList section */
		417DDE9B2C84F198009F8365 /* Build configuration list for PBXProject "BunnyApp" */ = {
			isa = XCConfigurationList;
			buildConfigurations = (
				417DDEC22C84F19A009F8365 /* Debug */,
				417DDEC32C84F19A009F8365 /* Release */,
			);
			defaultConfigurationIsVisible = 0;
			defaultConfigurationName = Release;
		};
		417DDEC42C84F19A009F8365 /* Build configuration list for PBXNativeTarget "BunnyApp" */ = {
			isa = XCConfigurationList;
			buildConfigurations = (
				417DDEC52C84F19A009F8365 /* Debug */,
				417DDEC62C84F19A009F8365 /* Release */,
			);
			defaultConfigurationIsVisible = 0;
			defaultConfigurationName = Release;
		};
/* End XCConfigurationList section */

/* Begin XCRemoteSwiftPackageReference section */
		417DDECF2C84F8EA009F8365 /* XCRemoteSwiftPackageReference "firebase-ios-sdk" */ = {
			isa = XCRemoteSwiftPackageReference;
			repositoryURL = "https://github.com/firebase/firebase-ios-sdk";
			requirement = {
				kind = upToNextMajorVersion;
				minimumVersion = 11.1.0;
			};
		};
/* End XCRemoteSwiftPackageReference section */

/* Begin XCSwiftPackageProductDependency section */
		417DDED02C84F8EA009F8365 /* FirebaseAnalytics */ = {
			isa = XCSwiftPackageProductDependency;
			package = 417DDECF2C84F8EA009F8365 /* XCRemoteSwiftPackageReference "firebase-ios-sdk" */;
			productName = FirebaseAnalytics;
		};
		417DDED22C84F8EA009F8365 /* FirebaseAnalyticsOnDeviceConversion */ = {
			isa = XCSwiftPackageProductDependency;
			package = 417DDECF2C84F8EA009F8365 /* XCRemoteSwiftPackageReference "firebase-ios-sdk" */;
			productName = FirebaseAnalyticsOnDeviceConversion;
		};
		417DDED42C84F8EA009F8365 /* FirebaseAnalyticsWithoutAdIdSupport */ = {
			isa = XCSwiftPackageProductDependency;
			package = 417DDECF2C84F8EA009F8365 /* XCRemoteSwiftPackageReference "firebase-ios-sdk" */;
			productName = FirebaseAnalyticsWithoutAdIdSupport;
		};
		417DDED62C84F8EA009F8365 /* FirebaseAppCheck */ = {
			isa = XCSwiftPackageProductDependency;
			package = 417DDECF2C84F8EA009F8365 /* XCRemoteSwiftPackageReference "firebase-ios-sdk" */;
			productName = FirebaseAppCheck;
		};
		417DDED82C84F8EA009F8365 /* FirebaseAppDistribution-Beta */ = {
			isa = XCSwiftPackageProductDependency;
			package = 417DDECF2C84F8EA009F8365 /* XCRemoteSwiftPackageReference "firebase-ios-sdk" */;
			productName = "FirebaseAppDistribution-Beta";
		};
		417DDEDA2C84F8EA009F8365 /* FirebaseAuth */ = {
			isa = XCSwiftPackageProductDependency;
			package = 417DDECF2C84F8EA009F8365 /* XCRemoteSwiftPackageReference "firebase-ios-sdk" */;
			productName = FirebaseAuth;
		};
		417DDEDC2C84F8EA009F8365 /* FirebaseAuthCombine-Community */ = {
			isa = XCSwiftPackageProductDependency;
			package = 417DDECF2C84F8EA009F8365 /* XCRemoteSwiftPackageReference "firebase-ios-sdk" */;
			productName = "FirebaseAuthCombine-Community";
		};
		417DDEDE2C84F8EA009F8365 /* FirebaseCrashlytics */ = {
			isa = XCSwiftPackageProductDependency;
			package = 417DDECF2C84F8EA009F8365 /* XCRemoteSwiftPackageReference "firebase-ios-sdk" */;
			productName = FirebaseCrashlytics;
		};
		417DDEE02C84F8EA009F8365 /* FirebaseDatabase */ = {
			isa = XCSwiftPackageProductDependency;
			package = 417DDECF2C84F8EA009F8365 /* XCRemoteSwiftPackageReference "firebase-ios-sdk" */;
			productName = FirebaseDatabase;
		};
		417DDEE22C84F8EA009F8365 /* FirebaseDynamicLinks */ = {
			isa = XCSwiftPackageProductDependency;
			package = 417DDECF2C84F8EA009F8365 /* XCRemoteSwiftPackageReference "firebase-ios-sdk" */;
			productName = FirebaseDynamicLinks;
		};
		417DDEE42C84F8EA009F8365 /* FirebaseFirestore */ = {
			isa = XCSwiftPackageProductDependency;
			package = 417DDECF2C84F8EA009F8365 /* XCRemoteSwiftPackageReference "firebase-ios-sdk" */;
			productName = FirebaseFirestore;
		};
		417DDEE62C84F8EA009F8365 /* FirebaseFirestoreCombine-Community */ = {
			isa = XCSwiftPackageProductDependency;
			package = 417DDECF2C84F8EA009F8365 /* XCRemoteSwiftPackageReference "firebase-ios-sdk" */;
			productName = "FirebaseFirestoreCombine-Community";
		};
		417DDEE82C84F8EA009F8365 /* FirebaseFunctions */ = {
			isa = XCSwiftPackageProductDependency;
			package = 417DDECF2C84F8EA009F8365 /* XCRemoteSwiftPackageReference "firebase-ios-sdk" */;
			productName = FirebaseFunctions;
		};
		417DDEEA2C84F8EA009F8365 /* FirebaseFunctionsCombine-Community */ = {
			isa = XCSwiftPackageProductDependency;
			package = 417DDECF2C84F8EA009F8365 /* XCRemoteSwiftPackageReference "firebase-ios-sdk" */;
			productName = "FirebaseFunctionsCombine-Community";
		};
		417DDEEC2C84F8EA009F8365 /* FirebaseInAppMessaging-Beta */ = {
			isa = XCSwiftPackageProductDependency;
			package = 417DDECF2C84F8EA009F8365 /* XCRemoteSwiftPackageReference "firebase-ios-sdk" */;
			productName = "FirebaseInAppMessaging-Beta";
		};
		417DDEEE2C84F8EA009F8365 /* FirebaseInstallations */ = {
			isa = XCSwiftPackageProductDependency;
			package = 417DDECF2C84F8EA009F8365 /* XCRemoteSwiftPackageReference "firebase-ios-sdk" */;
			productName = FirebaseInstallations;
		};
		417DDEF02C84F8EA009F8365 /* FirebaseMLModelDownloader */ = {
			isa = XCSwiftPackageProductDependency;
			package = 417DDECF2C84F8EA009F8365 /* XCRemoteSwiftPackageReference "firebase-ios-sdk" */;
			productName = FirebaseMLModelDownloader;
		};
		417DDEF22C84F8EA009F8365 /* FirebaseMessaging */ = {
			isa = XCSwiftPackageProductDependency;
			package = 417DDECF2C84F8EA009F8365 /* XCRemoteSwiftPackageReference "firebase-ios-sdk" */;
			productName = FirebaseMessaging;
		};
		417DDEF42C84F8EA009F8365 /* FirebasePerformance */ = {
			isa = XCSwiftPackageProductDependency;
			package = 417DDECF2C84F8EA009F8365 /* XCRemoteSwiftPackageReference "firebase-ios-sdk" */;
			productName = FirebasePerformance;
		};
		417DDEF62C84F8EA009F8365 /* FirebaseRemoteConfig */ = {
			isa = XCSwiftPackageProductDependency;
			package = 417DDECF2C84F8EA009F8365 /* XCRemoteSwiftPackageReference "firebase-ios-sdk" */;
			productName = FirebaseRemoteConfig;
		};
		417DDEF82C84F8EA009F8365 /* FirebaseStorage */ = {
			isa = XCSwiftPackageProductDependency;
			package = 417DDECF2C84F8EA009F8365 /* XCRemoteSwiftPackageReference "firebase-ios-sdk" */;
			productName = FirebaseStorage;
		};
		417DDEFA2C84F8EA009F8365 /* FirebaseStorageCombine-Community */ = {
			isa = XCSwiftPackageProductDependency;
			package = 417DDECF2C84F8EA009F8365 /* XCRemoteSwiftPackageReference "firebase-ios-sdk" */;
			productName = "FirebaseStorageCombine-Community";
		};
		417DDEFC2C84F8EA009F8365 /* FirebaseVertexAI-Preview */ = {
			isa = XCSwiftPackageProductDependency;
			package = 417DDECF2C84F8EA009F8365 /* XCRemoteSwiftPackageReference "firebase-ios-sdk" */;
			productName = "FirebaseVertexAI-Preview";
		};
/* End XCSwiftPackageProductDependency section */
	};
	rootObject = 417DDE982C84F198009F8365 /* Project object */;
}
